# This file was autogenerated by Stack.
# You should not edit this file by hand.
# For more information, please see the documentation at:
#   https://docs.haskellstack.org/en/stable/lock_files

packages:
- completed:
    name: crypto-venues
    version: 0.3.0.0
    git: https://github.com/runeksvendsen/crypto-venues.git
    pantry-tree:
      size: 2828
      sha256: 4554f8b19d6759a75a926dea4b29e1869be96f4493344d8526ed65569380848e
    commit: 51ca4d5fa55c929ea0b7d279575f6690e62ed185
  original:
    git: https://github.com/runeksvendsen/crypto-venues.git
    commit: 51ca4d5fa55c929ea0b7d279575f6690e62ed185
- completed:
    hackage: logging-3.0.5@sha256:88096d3124fce9a19af3720f751e1a354d866ed5030d2e5197238d2277cdb2f2,2374
    pantry-tree:
      size: 264
      sha256: 35c4c46138a30e516c2f27dfc51a993e7d7946af0de1a826f18b71a854c2da21
  original:
    hackage: logging-3.0.5@sha256:88096d3124fce9a19af3720f751e1a354d866ed5030d2e5197238d2277cdb2f2
- completed:
    hackage: rate-limit-1.4.0@sha256:f7f908e6138633e581c490cfc309e6a390541e0c57087d3da52db45e50cde146,943
    pantry-tree:
      size: 214
      sha256: de0e200f99c736ddc8d1695420062eda42022ee287de36420aea4a14399155b5
  original:
    hackage: rate-limit-1.4.0
- completed:
    hackage: safe-money-0.6@sha256:8da43268c8b7818926efc9d92de2d511222d7dcf918583b308bea99cf04fa154,3554
    pantry-tree:
      size: 427
      sha256: 90d22cd2b3b2746fd86decb874b4614b18080521d8180650154ad1b29b4709d4
  original:
    hackage: safe-money-0.6
- completed:
    hackage: time-units-1.0.0@sha256:27cf54091c4a0ca73d504fc11d5c31ab4041d17404fe3499945e2055697746c1,928
    pantry-tree:
      size: 212
      sha256: 9b516d4195fcea22cd1f4335cfe210e88deca397ba7dacc494d5a2feb69e1af8
  original:
    hackage: time-units-1.0.0@sha256:27cf54091c4a0ca73d504fc11d5c31ab4041d17404fe3499945e2055697746c1
- completed:
    hackage: serialise-0.2.1.0@sha256:8d6051f64c6ebfaf705195dd0b8dfb667617f2e674b290ed2e44985009e4f951,8242
    pantry-tree:
      size: 4056
      sha256: 26f4c5d503a78001152b73868bd66c5b3479d9b62bb0134c6557815ced34402a
  original:
    hackage: serialise-0.2.1.0@sha256:8d6051f64c6ebfaf705195dd0b8dfb667617f2e674b290ed2e44985009e4f951
- completed:
    hackage: retry-0.8.1.2@sha256:b81e7d7e5f068da82349a3c157a2ab25d399c9ca4841d1b6e54e8c4050cb065f,2189
    pantry-tree:
      size: 433
      sha256: a9ebf74c0fce47b4e743c4d1a2c72fcc949a702e5790fa2784c835db17492012
  original:
    hackage: retry-0.8.1.2@sha256:b81e7d7e5f068da82349a3c157a2ab25d399c9ca4841d1b6e54e8c4050cb065f,2189
snapshots:
- completed:
    size: 504771
    url: https://raw.githubusercontent.com/commercialhaskell/stackage-snapshots/master/lts/12/14.yaml
    sha256: 3cbd6c83316dd5e2bbc756dc7a2a4e31a31859c3f8b5c720efb6850b08e42649
  original: lts-12.14
