# This file was autogenerated by Stack.
# You should not edit this file by hand.
# For more information, please see the documentation at:
#   https://docs.haskellstack.org/en/stable/lock_files

packages:
- completed:
    name: crypto-venues
    version: 0.3.0.0
    git: https://github.com/runeksvendsen/crypto-venues.git
    pantry-tree:
      size: 2828
      sha256: 4554f8b19d6759a75a926dea4b29e1869be96f4493344d8526ed65569380848e
    commit: 51ca4d5fa55c929ea0b7d279575f6690e62ed185
  original:
    git: https://github.com/runeksvendsen/crypto-venues.git
    commit: 51ca4d5fa55c929ea0b7d279575f6690e62ed185
- completed:
    hackage: logging-3.0.5@sha256:88096d3124fce9a19af3720f751e1a354d866ed5030d2e5197238d2277cdb2f2,2374
    pantry-tree:
      size: 264
      sha256: 35c4c46138a30e516c2f27dfc51a993e7d7946af0de1a826f18b71a854c2da21
  original:
    hackage: logging-3.0.5@sha256:88096d3124fce9a19af3720f751e1a354d866ed5030d2e5197238d2277cdb2f2,2374
- completed:
    hackage: rate-limit-1.4.2@sha256:78b935d96fe82b4d059908557e2c904925e99fcd465e2b4dfd65b8d2930163a2,930
    pantry-tree:
      size: 168
      sha256: 930207a8350478df4e8dcf6957af8e3ac952282002f204eea3aac6baa0e9b975
  original:
    hackage: rate-limit-1.4.2@sha256:78b935d96fe82b4d059908557e2c904925e99fcd465e2b4dfd65b8d2930163a2,930
- completed:
    hackage: time-units-1.0.0@sha256:27cf54091c4a0ca73d504fc11d5c31ab4041d17404fe3499945e2055697746c1,928
    pantry-tree:
      size: 212
      sha256: 9b516d4195fcea22cd1f4335cfe210e88deca397ba7dacc494d5a2feb69e1af8
  original:
    hackage: time-units-1.0.0@sha256:27cf54091c4a0ca73d504fc11d5c31ab4041d17404fe3499945e2055697746c1,928
- completed:
    hackage: generic-aeson-0.2.0.11@sha256:4ba65c76be54c87839926c13cf5216f50e4d6403808088b87f54677da95cad90,1123
    pantry-tree:
      size: 475
      sha256: 9540dccab1b5fffb502a7dd1318197345ea0f8f7054cf3ba859aa4d494fea8cd
  original:
    hackage: generic-aeson-0.2.0.11@sha256:4ba65c76be54c87839926c13cf5216f50e4d6403808088b87f54677da95cad90,1123
- completed:
    hackage: json-schema-0.7.4.2@sha256:6f1c54247006f9d55a9d656a9e83af4b06cf6b49cebdfa79aec092f21181955f,2347
    pantry-tree:
      size: 849
      sha256: 907363d44a93e02be69fd69bdee6e8a1df79ccd904f560fc2fecee0020cb5605
  original:
    hackage: json-schema-0.7.4.2@sha256:6f1c54247006f9d55a9d656a9e83af4b06cf6b49cebdfa79aec092f21181955f,2347
- completed:
    hackage: retry-0.8.1.2@sha256:b81e7d7e5f068da82349a3c157a2ab25d399c9ca4841d1b6e54e8c4050cb065f,2189
    pantry-tree:
      size: 433
      sha256: a9ebf74c0fce47b4e743c4d1a2c72fcc949a702e5790fa2784c835db17492012
  original:
    hackage: retry-0.8.1.2@sha256:b81e7d7e5f068da82349a3c157a2ab25d399c9ca4841d1b6e54e8c4050cb065f,2189
snapshots:
- completed:
    size: 523443
    url: https://raw.githubusercontent.com/commercialhaskell/stackage-snapshots/master/lts/14/0.yaml
    sha256: 283773e7120f5446d961eab35ea95c9af9c24187cc178537bd29273200a05171
  original: lts-14.0
